// !$*UTF8*$!
{
	archiveVersion = 1;
	classes = {
	};
	objectVersion = 46;
	objects = {

/* Begin PBXBuildFile section */
		FAA92A371E672F5A00B03E33 /* AppDelegate.swift in Sources */ = {isa = PBXBuildFile; fileRef = FAA92A361E672F5A00B03E33 /* AppDelegate.swift */; };
		FAA92A391E672F5A00B03E33 /* ViewController.swift in Sources */ = {isa = PBXBuildFile; fileRef = FAA92A381E672F5A00B03E33 /* ViewController.swift */; };
		FAA92A3C1E672F5A00B03E33 /* Main.storyboard in Resources */ = {isa = PBXBuildFile; fileRef = FAA92A3A1E672F5A00B03E33 /* Main.storyboard */; };
		FAA92A3E1E672F5A00B03E33 /* Assets.xcassets in Resources */ = {isa = PBXBuildFile; fileRef = FAA92A3D1E672F5A00B03E33 /* Assets.xcassets */; };
		FAA92A411E672F5A00B03E33 /* LaunchScreen.storyboard in Resources */ = {isa = PBXBuildFile; fileRef = FAA92A3F1E672F5A00B03E33 /* LaunchScreen.storyboard */; };
		FAA92A4C1E672F5A00B03E33 /* UranTestTests.swift in Sources */ = {isa = PBXBuildFile; fileRef = FAA92A4B1E672F5A00B03E33 /* UranTestTests.swift */; };
/* End PBXBuildFile section */

/* Begin PBXContainerItemProxy section */
		FAA92A481E672F5A00B03E33 /* PBXContainerItemProxy */ = {
			isa = PBXContainerItemProxy;
			containerPortal = FAA92A2B1E672F5900B03E33 /* Project object */;
			proxyType = 1;
			remoteGlobalIDString = FAA92A321E672F5900B03E33;
			remoteInfo = UranTest;
		};
/* End PBXContainerItemProxy section */

/* Begin PBXFileReference section */
		FAA92A331E672F5A00B03E33 /* UranTest.app */ = {isa = PBXFileReference; explicitFileType = wrapper.application; includeInIndex = 0; path = UranTest.app; sourceTree = BUILT_PRODUCTS_DIR; };
		FAA92A361E672F5A00B03E33 /* AppDelegate.swift */ = {isa = PBXFileReference; lastKnownFileType = sourcecode.swift; path = AppDelegate.swift; sourceTree = "<group>"; };
		FAA92A381E672F5A00B03E33 /* ViewController.swift */ = {isa = PBXFileReference; lastKnownFileType = sourcecode.swift; path = ViewController.swift; sourceTree = "<group>"; };
		FAA92A3B1E672F5A00B03E33 /* Base */ = {isa = PBXFileReference; lastKnownFileType = file.storyboard; name = Base; path = Base.lproj/Main.storyboard; sourceTree = "<group>"; };
		FAA92A3D1E672F5A00B03E33 /* Assets.xcassets */ = {isa = PBXFileReference; lastKnownFileType = folder.assetcatalog; path = Assets.xcassets; sourceTree = "<group>"; };
		FAA92A401E672F5A00B03E33 /* Base */ = {isa = PBXFileReference; lastKnownFileType = file.storyboard; name = Base; path = Base.lproj/LaunchScreen.storyboard; sourceTree = "<group>"; };
		FAA92A421E672F5A00B03E33 /* Info.plist */ = {isa = PBXFileReference; lastKnownFileType = text.plist.xml; path = Info.plist; sourceTree = "<group>"; };
		FAA92A471E672F5A00B03E33 /* UranTestTests.xctest */ = {isa = PBXFileReference; explicitFileType = wrapper.cfbundle; includeInIndex = 0; path = UranTestTests.xctest; sourceTree = BUILT_PRODUCTS_DIR; };
		FAA92A4B1E672F5A00B03E33 /* UranTestTests.swift */ = {isa = PBXFileReference; lastKnownFileType = sourcecode.swift; path = UranTestTests.swift; sourceTree = "<group>"; };
		FAA92A4D1E672F5A00B03E33 /* Info.plist */ = {isa = PBXFileReference; lastKnownFileType = text.plist.xml; path = Info.plist; sourceTree = "<group>"; };
/* End PBXFileReference section */

/* Begin PBXFrameworksBuildPhase section */
		FAA92A301E672F5900B03E33 /* Frameworks */ = {
			isa = PBXFrameworksBuildPhase;
			buildActionMask = 2147483647;
			files = (
			);
			runOnlyForDeploymentPostprocessing = 0;
		};
		FAA92A441E672F5A00B03E33 /* Frameworks */ = {
			isa = PBXFrameworksBuildPhase;
			buildActionMask = 2147483647;
			files = (
			);
			runOnlyForDeploymentPostprocessing = 0;
		};
/* End PBXFrameworksBuildPhase section */

/* Begin PBXGroup section */
		FAA92A2A1E672F5900B03E33 = {
			isa = PBXGroup;
			children = (
				FAA92A351E672F5A00B03E33 /* UranTest */,
				FAA92A4A1E672F5A00B03E33 /* UranTestTests */,
				FAA92A341E672F5A00B03E33 /* Products */,
			);
			sourceTree = "<group>";
		};
		FAA92A341E672F5A00B03E33 /* Products */ = {
			isa = PBXGroup;
			children = (
				FAA92A331E672F5A00B03E33 /* UranTest.app */,
				FAA92A471E672F5A00B03E33 /* UranTestTests.xctest */,
			);
			name = Products;
			sourceTree = "<group>";
		};
		FAA92A351E672F5A00B03E33 /* UranTest */ = {
			isa = PBXGroup;
			children = (
				FAA92A361E672F5A00B03E33 /* AppDelegate.swift */,
				FAA92A381E672F5A00B03E33 /* ViewController.swift */,
				FAA92A3A1E672F5A00B03E33 /* Main.storyboard */,
				FAA92A3D1E672F5A00B03E33 /* Assets.xcassets */,
				FAA92A3F1E672F5A00B03E33 /* LaunchScreen.storyboard */,
				FAA92A421E672F5A00B03E33 /* Info.plist */,
			);
			path = UranTest;
			sourceTree = "<group>";
		};
		FAA92A4A1E672F5A00B03E33 /* UranTestTests */ = {
			isa = PBXGroup;
			children = (
				FAA92A4B1E672F5A00B03E33 /* UranTestTests.swift */,
				FAA92A4D1E672F5A00B03E33 /* Info.plist */,
			);
			path = UranTestTests;
			sourceTree = "<group>";
		};
/* End PBXGroup section */

/* Begin PBXNativeTarget section */
		FAA92A321E672F5900B03E33 /* UranTest */ = {
			isa = PBXNativeTarget;
			buildConfigurationList = FAA92A501E672F5A00B03E33 /* Build configuration list for PBXNativeTarget "UranTest" */;
			buildPhases = (
				FAA92A2F1E672F5900B03E33 /* Sources */,
				FAA92A301E672F5900B03E33 /* Frameworks */,
				FAA92A311E672F5900B03E33 /* Resources */,
			);
			buildRules = (
			);
			dependencies = (
			);
			name = UranTest;
			productName = UranTest;
			productReference = FAA92A331E672F5A00B03E33 /* UranTest.app */;
			productType = "com.apple.product-type.application";
		};
		FAA92A461E672F5A00B03E33 /* UranTestTests */ = {
			isa = PBXNativeTarget;
			buildConfigurationList = FAA92A531E672F5A00B03E33 /* Build configuration list for PBXNativeTarget "UranTestTests" */;
			buildPhases = (
				FAA92A431E672F5A00B03E33 /* Sources */,
				FAA92A441E672F5A00B03E33 /* Frameworks */,
				FAA92A451E672F5A00B03E33 /* Resources */,
			);
			buildRules = (
			);
			dependencies = (
				FAA92A491E672F5A00B03E33 /* PBXTargetDependency */,
			);
			name = UranTestTests;
			productName = UranTestTests;
			productReference = FAA92A471E672F5A00B03E33 /* UranTestTests.xctest */;
			productType = "com.apple.product-type.bundle.unit-test";
		};
/* End PBXNativeTarget section */

/* Begin PBXProject section */
		FAA92A2B1E672F5900B03E33 /* Project object */ = {
			isa = PBXProject;
			attributes = {
				LastSwiftUpdateCheck = 0820;
				LastUpgradeCheck = 0820;
				ORGANIZATIONNAME = "Alex&V";
				TargetAttributes = {
					FAA92A321E672F5900B03E33 = {
						CreatedOnToolsVersion = 8.2.1;
						DevelopmentTeam = 65GTH9DV4W;
						ProvisioningStyle = Automatic;
					};
					FAA92A461E672F5A00B03E33 = {
						CreatedOnToolsVersion = 8.2.1;
						DevelopmentTeam = 65GTH9DV4W;
						ProvisioningStyle = Automatic;
						TestTargetID = FAA92A321E672F5900B03E33;
					};
				};
			};
			buildConfigurationList = FAA92A2E1E672F5900B03E33 /* Build configuration list for PBXProject "UranTest" */;
			compatibilityVersion = "Xcode 3.2";
			developmentRegion = English;
			hasScannedForEncodings = 0;
			knownRegions = (
				en,
				Base,
			);
			mainGroup = FAA92A2A1E672F5900B03E33;
			productRefGroup = FAA92A341E672F5A00B03E33 /* Products */;
			projectDirPath = "";
			projectRoot = "";
			targets = (
				FAA92A321E672F5900B03E33 /* UranTest */,
				FAA92A461E672F5A00B03E33 /* UranTestTests */,
			);
		};
/* End PBXProject section */

/* Begin PBXResourcesBuildPhase section */
		FAA92A311E672F5900B03E33 /* Resources */ = {
			isa = PBXResourcesBuildPhase;
			buildActionMask = 2147483647;
			files = (
				FAA92A411E672F5A00B03E33 /* LaunchScreen.storyboard in Resources */,
				FAA92A3E1E672F5A00B03E33 /* Assets.xcassets in Resources */,
				FAA92A3C1E672F5A00B03E33 /* Main.storyboard in Resources */,
			);
			runOnlyForDeploymentPostprocessing = 0;
		};
		FAA92A451E672F5A00B03E33 /* Resources */ = {
			isa = PBXResourcesBuildPhase;
			buildActionMask = 2147483647;
			files = (
			);
			runOnlyForDeploymentPostprocessing = 0;
		};
/* End PBXResourcesBuildPhase section */

/* Begin PBXSourcesBuildPhase section */
		FAA92A2F1E672F5900B03E33 /* Sources */ = {
			isa = PBXSourcesBuildPhase;
			buildActionMask = 2147483647;
			files = (
				FAA92A391E672F5A00B03E33 /* ViewController.swift in Sources */,
				FAA92A371E672F5A00B03E33 /* AppDelegate.swift in Sources */,
			);
			runOnlyForDeploymentPostprocessing = 0;
		};
		FAA92A431E672F5A00B03E33 /* Sources */ = {
			isa = PBXSourcesBuildPhase;
			buildActionMask = 2147483647;
			files = (
				FAA92A4C1E672F5A00B03E33 /* UranTestTests.swift in Sources */,
			);
			runOnlyForDeploymentPostprocessing = 0;
		};
/* End PBXSourcesBuildPhase section */

/* Begin PBXTargetDependency section */
		FAA92A491E672F5A00B03E33 /* PBXTargetDependency */ = {
			isa = PBXTargetDependency;
			target = FAA92A321E672F5900B03E33 /* UranTest */;
			targetProxy = FAA92A481E672F5A00B03E33 /* PBXContainerItemProxy */;
		};
/* End PBXTargetDependency section */

/* Begin PBXVariantGroup section */
		FAA92A3A1E672F5A00B03E33 /* Main.storyboard */ = {
			isa = PBXVariantGroup;
			children = (
				FAA92A3B1E672F5A00B03E33 /* Base */,
			);
			name = Main.storyboard;
			sourceTree = "<group>";
		};
		FAA92A3F1E672F5A00B03E33 /* LaunchScreen.storyboard */ = {
			isa = PBXVariantGroup;
			children = (
				FAA92A401E672F5A00B03E33 /* Base */,
			);
			name = LaunchScreen.storyboard;
			sourceTree = "<group>";
		};
/* End PBXVariantGroup section */

/* Begin XCBuildConfiguration section */
		FAA92A4E1E672F5A00B03E33 /* Debug */ = {
			isa = XCBuildConfiguration;
			buildSettings = {
				ALWAYS_SEARCH_USER_PATHS = NO;
				CLANG_ANALYZER_NONNULL = YES;
				CLANG_CXX_LANGUAGE_STANDARD = "gnu++0x";
				CLANG_CXX_LIBRARY = "libc++";
				CLANG_ENABLE_MODULES = YES;
				CLANG_ENABLE_OBJC_ARC = YES;
				CLANG_WARN_BOOL_CONVERSION = YES;
				CLANG_WARN_CONSTANT_CONVERSION = YES;
				CLANG_WARN_DIRECT_OBJC_ISA_USAGE = YES_ERROR;
				CLANG_WARN_DOCUMENTATION_COMMENTS = YES;
				CLANG_WARN_EMPTY_BODY = YES;
				CLANG_WARN_ENUM_CONVERSION = YES;
				CLANG_WARN_INFINITE_RECURSION = YES;
				CLANG_WARN_INT_CONVERSION = YES;
				CLANG_WARN_OBJC_ROOT_CLASS = YES_ERROR;
				CLANG_WARN_SUSPICIOUS_MOVE = YES;
				CLANG_WARN_UNREACHABLE_CODE = YES;
				CLANG_WARN__DUPLICATE_METHOD_MATCH = YES;
				"CODE_SIGN_IDENTITY[sdk=iphoneos*]" = "iPhone Developer";
				COPY_PHASE_STRIP = NO;
				DEBUG_INFORMATION_FORMAT = dwarf;
				ENABLE_STRICT_OBJC_MSGSEND = YES;
				ENABLE_TESTABILITY = YES;
				GCC_C_LANGUAGE_STANDARD = gnu99;
				GCC_DYNAMIC_NO_PIC = NO;
				GCC_NO_COMMON_BLOCKS = YES;
				GCC_OPTIMIZATION_LEVEL = 0;
				GCC_PREPROCESSOR_DEFINITIONS = (
					"DEBUG=1",
					"$(inherited)",
				);
				GCC_WARN_64_TO_32_BIT_CONVERSION = YES;
				GCC_WARN_ABOUT_RETURN_TYPE = YES_ERROR;
				GCC_WARN_UNDECLARED_SELECTOR = YES;
				GCC_WARN_UNINITIALIZED_AUTOS = YES_AGGRESSIVE;
				GCC_WARN_UNUSED_FUNCTION = YES;
				GCC_WARN_UNUSED_VARIABLE = YES;
				IPHONEOS_DEPLOYMENT_TARGET = 10.2;
				MTL_ENABLE_DEBUG_INFO = YES;
				ONLY_ACTIVE_ARCH = YES;
				SDKROOT = iphoneos;
				SWIFT_ACTIVE_COMPILATION_CONDITIONS = DEBUG;
				SWIFT_OPTIMIZATION_LEVEL = "-Onone";
				TARGETED_DEVICE_FAMILY = "1,2";
			};
			name = Debug;
		};
		FAA92A4F1E672F5A00B03E33 /* Release */ = {
			isa = XCBuildConfiguration;
			buildSettings = {
				ALWAYS_SEARCH_USER_PATHS = NO;
				CLANG_ANALYZER_NONNULL = YES;
				CLANG_CXX_LANGUAGE_STANDARD = "gnu++0x";
				CLANG_CXX_LIBRARY = "libc++";
				CLANG_ENABLE_MODULES = YES;
				CLANG_ENABLE_OBJC_ARC = YES;
				CLANG_WARN_BOOL_CONVERSION = YES;
				CLANG_WARN_CONSTANT_CONVERSION = YES;
				CLANG_WARN_DIRECT_OBJC_ISA_USAGE = YES_ERROR;
				CLANG_WARN_DOCUMENTATION_COMMENTS = YES;
				CLANG_WARN_EMPTY_BODY = YES;
				CLANG_WARN_ENUM_CONVERSION = YES;
				CLANG_WARN_INFINITE_RECURSION = YES;
				CLANG_WARN_INT_CONVERSION = YES;
				CLANG_WARN_OBJC_ROOT_CLASS = YES_ERROR;
				CLANG_WARN_SUSPICIOUS_MOVE = YES;
				CLANG_WARN_UNREACHABLE_CODE = YES;
				CLANG_WARN__DUPLICATE_METHOD_MATCH = YES;
				"CODE_SIGN_IDENTITY[sdk=iphoneos*]" = "iPhone Developer";
				COPY_PHASE_STRIP = NO;
				DEBUG_INFORMATION_FORMAT = "dwarf-with-dsym";
				ENABLE_NS_ASSERTIONS = NO;
				ENABLE_STRICT_OBJC_MSGSEND = YES;
				GCC_C_LANGUAGE_STANDARD = gnu99;
				GCC_NO_COMMON_BLOCKS = YES;
				GCC_WARN_64_TO_32_BIT_CONVERSION = YES;
				GCC_WARN_ABOUT_RETURN_TYPE = YES_ERROR;
				GCC_WARN_UNDECLARED_SELECTOR = YES;
				GCC_WARN_UNINITIALIZED_AUTOS = YES_AGGRESSIVE;
				GCC_WARN_UNUSED_FUNCTION = YES;
				GCC_WARN_UNUSED_VARIABLE = YES;
				IPHONEOS_DEPLOYMENT_TARGET = 10.2;
				MTL_ENABLE_DEBUG_INFO = NO;
				SDKROOT = iphoneos;
				SWIFT_OPTIMIZATION_LEVEL = "-Owholemodule";
				TARGETED_DEVICE_FAMILY = "1,2";
				VALIDATE_PRODUCT = YES;
			};
			name = Release;
		};
		FAA92A511E672F5A00B03E33 /* Debug */ = {
			isa = XCBuildConfiguration;
			buildSettings = {
				ASSETCATALOG_COMPILER_APPICON_NAME = AppIcon;
				DEVELOPMENT_TEAM = 65GTH9DV4W;
				INFOPLIST_FILE = UranTest/Info.plist;
				LD_RUNPATH_SEARCH_PATHS = "$(inherited) @executable_path/Frameworks";
				PRODUCT_BUNDLE_IDENTIFIER = AlexV.UranTest;
				PRODUCT_NAME = "$(TARGET_NAME)";
				SWIFT_VERSION = 3.0;
			};
			name = Debug;
		};
		FAA92A521E672F5A00B03E33 /* Release */ = {
			isa = XCBuildConfiguration;
			buildSettings = {
				ASSETCATALOG_COMPILER_APPICON_NAME = AppIcon;
				DEVELOPMENT_TEAM = 65GTH9DV4W;
				INFOPLIST_FILE = UranTest/Info.plist;
				LD_RUNPATH_SEARCH_PATHS = "$(inherited) @executable_path/Frameworks";
				PRODUCT_BUNDLE_IDENTIFIER = AlexV.UranTest;
				PRODUCT_NAME = "$(TARGET_NAME)";
				SWIFT_VERSION = 3.0;
			};
			name = Release;
		};
		FAA92A541E672F5A00B03E33 /* Debug */ = {
			isa = XCBuildConfiguration;
			buildSettings = {
				ALWAYS_EMBED_SWIFT_STANDARD_LIBRARIES = YES;
				BUNDLE_LOADER = "$(TEST_HOST)";
				DEVELOPMENT_TEAM = 65GTH9DV4W;
				INFOPLIST_FILE = UranTestTests/Info.plist;
				LD_RUNPATH_SEARCH_PATHS = "$(inherited) @executable_path/Frameworks @loader_path/Frameworks";
				PRODUCT_BUNDLE_IDENTIFIER = AlexV.UranTestTests;
				PRODUCT_NAME = "$(TARGET_NAME)";
				SWIFT_VERSION = 3.0;
				TEST_HOST = "$(BUILT_PRODUCTS_DIR)/UranTest.app/UranTest";
			};
			name = Debug;
		};
		FAA92A551E672F5A00B03E33 /* Release */ = {
			isa = XCBuildConfiguration;
			buildSettings = {
				ALWAYS_EMBED_SWIFT_STANDARD_LIBRARIES = YES;
				BUNDLE_LOADER = "$(TEST_HOST)";
				DEVELOPMENT_TEAM = 65GTH9DV4W;
				INFOPLIST_FILE = UranTestTests/Info.plist;
				LD_RUNPATH_SEARCH_PATHS = "$(inherited) @executable_path/Frameworks @loader_path/Frameworks";
				PRODUCT_BUNDLE_IDENTIFIER = AlexV.UranTestTests;
				PRODUCT_NAME = "$(TARGET_NAME)";
				SWIFT_VERSION = 3.0;
				TEST_HOST = "$(BUILT_PRODUCTS_DIR)/UranTest.app/UranTest";
			};
			name = Release;
		};
/* End XCBuildConfiguration section */

/* Begin XCConfigurationList section */
		FAA92A2E1E672F5900B03E33 /* Build configuration list for PBXProject "UranTest" */ = {
			isa = XCConfigurationList;
			buildConfigurations = (
				FAA92A4E1E672F5A00B03E33 /* Debug */,
				FAA92A4F1E672F5A00B03E33 /* Release */,
			);
			defaultConfigurationIsVisible = 0;
			defaultConfigurationName = Release;
		};
		FAA92A501E672F5A00B03E33 /* Build configuration list for PBXNativeTarget "UranTest" */ = {
			isa = XCConfigurationList;
			buildConfigurations = (
				FAA92A511E672F5A00B03E33 /* Debug */,
				FAA92A521E672F5A00B03E33 /* Release */,
			);
			defaultConfigurationIsVisible = 0;
		};
		FAA92A531E672F5A00B03E33 /* Build configuration list for PBXNativeTarget "UranTestTests" */ = {
			isa = XCConfigurationList;
			buildConfigurations = (
				FAA92A541E672F5A00B03E33 /* Debug */,
				FAA92A551E672F5A00B03E33 /* Release */,
			);
			defaultConfigurationIsVisible = 0;
		};
/* End XCConfigurationList section */
	};
	rootObject = FAA92A2B1E672F5900B03E33 /* Project object */;
}
